{
  "name": "mrya",
  "version": "0.0.1",
  "lockfileVersion": 3,
  "requires": true,
  "packages": {
    "": {
      "name": "mrya",
      "version": "0.0.1",
      "devDependencies": {
        "@types/vscode": "^1.104.0"
      },
      "engines": {
        "vscode": "^1.50.0"
      }
    },
    "node_modules/@types/vscode": {
      "version": "1.104.0",
      "resolved": "https://registry.npmjs.org/@types/vscode/-/vscode-1.104.0.tgz",
      "integrity": "sha512-0KwoU2rZ2ecsTGFxo4K1+f+AErRsYW0fsp6A0zufzGuhyczc2IoKqYqcwXidKXmy2u8YB2GsYsOtiI9Izx3Tig==",
      "dev": true,
      "license": "MIT"
    }
  }
}
